
Microsoft Visual Studio Solution File, Format Version 12.00
# Visual Studio Version 17
VisualStudioVersion = 17.9.34616.47
MinimumVisualStudioVersion = 10.0.40219.1
Project("{FAE04EC0-301F-11D3-BF4B-00C04F79EFBC}") = "Desafio1", "Desafio1\Desafio1.csproj", "{EF2D7D03-E201-48A7-9CA0-2A2E345D7B75}"
EndProject
Project("{FAE04EC0-301F-11D3-BF4B-00C04F79EFBC}") = "Desafio2", "Desafio2\Desafio2.csproj", "{FE584BB0-8701-4DAD-8C28-366B44D3B188}"
EndProject
Project("{FAE04EC0-301F-11D3-BF4B-00C04F79EFBC}") = "Desafio3", "Desafio3\Desafio3.csproj", "{CF1A2414-07BB-4A17-AB85-6EFDA84520F7}"
EndProject
Global
	GlobalSection(SolutionConfigurationPlatforms) = preSolution
		Debug|Any CPU = Debug|Any CPU
		Release|Any CPU = Release|Any CPU
	EndGlobalSection
	GlobalSection(ProjectConfigurationPlatforms) = postSolution
		{EF2D7D03-E201-48A7-9CA0-2A2E345D7B75}.Debug|Any CPU.ActiveCfg = Debug|Any CPU
		{EF2D7D03-E201-48A7-9CA0-2A2E345D7B75}.Debug|Any CPU.Build.0 = Debug|Any CPU
		{EF2D7D03-E201-48A7-9CA0-2A2E345D7B75}.Release|Any CPU.ActiveCfg = Release|Any CPU
		{EF2D7D03-E201-48A7-9CA0-2A2E345D7B75}.Release|Any CPU.Build.0 = Release|Any CPU
		{FE584BB0-8701-4DAD-8C28-366B44D3B188}.Debug|Any CPU.ActiveCfg = Debug|Any CPU
		{FE584BB0-8701-4DAD-8C28-366B44D3B188}.Debug|Any CPU.Build.0 = Debug|Any CPU
		{FE584BB0-8701-4DAD-8C28-366B44D3B188}.Release|Any CPU.ActiveCfg = Release|Any CPU
		{FE584BB0-8701-4DAD-8C28-366B44D3B188}.Release|Any CPU.Build.0 = Release|Any CPU
		{CF1A2414-07BB-4A17-AB85-6EFDA84520F7}.Debug|Any CPU.ActiveCfg = Debug|Any CPU
		{CF1A2414-07BB-4A17-AB85-6EFDA84520F7}.Debug|Any CPU.Build.0 = Debug|Any CPU
		{CF1A2414-07BB-4A17-AB85-6EFDA84520F7}.Release|Any CPU.ActiveCfg = Release|Any CPU
		{CF1A2414-07BB-4A17-AB85-6EFDA84520F7}.Release|Any CPU.Build.0 = Release|Any CPU
	EndGlobalSection
	GlobalSection(SolutionProperties) = preSolution
		HideSolutionNode = FALSE
	EndGlobalSection
	GlobalSection(ExtensibilityGlobals) = postSolution
		SolutionGuid = {C989195D-B590-40CE-A26C-57401EE2874D}
	EndGlobalSection
EndGlobal
