
Microsoft Visual Studio Solution File, Format Version 12.00
# Visual Studio Version 17
VisualStudioVersion = 17.9.34728.123
MinimumVisualStudioVersion = 10.0.40219.1
Project("{FAE04EC0-301F-11D3-BF4B-00C04F79EFBC}") = "SegundoParcial", "SegundoParcial\SegundoParcial.csproj", "{DF82500F-7EDB-4CD8-B203-9DD7376A9BE5}"
EndProject
Global
	GlobalSection(SolutionConfigurationPlatforms) = preSolution
		Debug|Any CPU = Debug|Any CPU
		Release|Any CPU = Release|Any CPU
	EndGlobalSection
	GlobalSection(ProjectConfigurationPlatforms) = postSolution
		{DF82500F-7EDB-4CD8-B203-9DD7376A9BE5}.Debug|Any CPU.ActiveCfg = Debug|Any CPU
		{DF82500F-7EDB-4CD8-B203-9DD7376A9BE5}.Debug|Any CPU.Build.0 = Debug|Any CPU
		{DF82500F-7EDB-4CD8-B203-9DD7376A9BE5}.Release|Any CPU.ActiveCfg = Release|Any CPU
		{DF82500F-7EDB-4CD8-B203-9DD7376A9BE5}.Release|Any CPU.Build.0 = Release|Any CPU
	EndGlobalSection
	GlobalSection(SolutionProperties) = preSolution
		HideSolutionNode = FALSE
	EndGlobalSection
	GlobalSection(ExtensibilityGlobals) = postSolution
		SolutionGuid = {EF37E90A-647F-4363-9035-58EC9BDF66E3}
	EndGlobalSection
EndGlobal
